<?xml version="1.0" encoding="utf-8"?>
<Project ToolsVersion="4.0" xmlns="http://schemas.microsoft.com/developer/msbuild/2003">
  <ItemGroup>
    <Filter Include="Source Files">
      <UniqueIdentifier>{ce6ef0c4-74bc-4595-8fe8-2812780a26af}</UniqueIdentifier>
      <Extensions>cpp;c;cxx;rc;def;r;odl;idl;hpj;bat</Extensions>
    </Filter>
    <Filter Include="Header Files">
      <UniqueIdentifier>{dfea98f9-8eea-4d1c-8af7-24b2f43b6789}</UniqueIdentifier>
      <Extensions>h;hpp;hxx;hm;inl</Extensions>
    </Filter>
    <Filter Include="Resource Files">
      <UniqueIdentifier>{bbdaa3da-b9d7-4c4f-953c-3a29c63b72f4}</UniqueIdentifier>
      <Extensions>ico;cur;bmp;dlg;rc2;rct;bin;rgs;gif;jpg;jpeg;jpe</Extensions>
    </Filter>
    <Filter Include="modbus">
      <UniqueIdentifier>{6270517e-dd86-42ce-8e0a-7e0b5ced000a}</UniqueIdentifier>
    </Filter>
  </ItemGroup>
  <ItemGroup>
    <ClCompile Include="com.cpp">
      <Filter>Source Files</Filter>
    </ClCompile>
    <ClCompile Include="gcode.cpp">
      <Filter>Source Files</Filter>
    </ClCompile>
    <ClCompile Include="llist.cpp">
      <Filter>Source Files</Filter>
    </ClCompile>
    <ClCompile Include="ROBKO_01.cpp">
      <Filter>Source Files</Filter>
    </ClCompile>
    <ClCompile Include="StdAfx.cpp">
      <Filter>Source Files</Filter>
    </ClCompile>
    <ClCompile Include="modbus\modbus.cpp">
      <Filter>modbus</Filter>
    </ClCompile>
    <ClCompile Include="modbus\modbus-rtu.cpp">
      <Filter>modbus</Filter>
    </ClCompile>
    <ClCompile Include="modbus\modbus-tcp.cpp">
      <Filter>modbus</Filter>
    </ClCompile>
  </ItemGroup>
  <ItemGroup>
    <ClInclude Include="gcode.h">
      <Filter>Header Files</Filter>
    </ClInclude>
    <ClInclude Include="llist.h">
      <Filter>Header Files</Filter>
    </ClInclude>
    <ClInclude Include="modbus\modbus-rtu.h">
      <Filter>Header Files</Filter>
    </ClInclude>
    <ClInclude Include="modbus\modbus-tcp.h">
      <Filter>Header Files</Filter>
    </ClInclude>
    <ClInclude Include="modbus\modbus.h">
      <Filter>Header Files</Filter>
    </ClInclude>
    <ClInclude Include="resource.h">
      <Filter>Header Files</Filter>
    </ClInclude>
    <ClInclude Include="ROBKO_01.h">
      <Filter>Header Files</Filter>
    </ClInclude>
    <ClInclude Include="StdAfx.h">
      <Filter>Header Files</Filter>
    </ClInclude>
  </ItemGroup>
  <ItemGroup>
    <Image Include="CHIP.ico">
      <Filter>Resource Files</Filter>
    </Image>
    <Image Include="icon1.ico">
      <Filter>Resource Files</Filter>
    </Image>
  </ItemGroup>
  <ItemGroup>
    <ResourceCompile Include="com.rc">
      <Filter>Resource Files</Filter>
    </ResourceCompile>
  </ItemGroup>
  <ItemGroup>
    <Text Include="ReadMe.txt" />
  </ItemGroup>
</Project>